
Microsoft Visual Studio Solution File, Format Version 12.00
Project("{FAE04EC0-301F-11D3-BF4B-00C04F79EFBC}") = "EventHandlerRepro", "EventHandlerRepro\EventHandlerRepro.csproj", "{08FC5CE0-169D-4B78-84FA-A58017A9AFE3}"
EndProject
Project("{FAE04EC0-301F-11D3-BF4B-00C04F79EFBC}") = "EventHandlerRepro.Blazor", "EventHandlerRepro.Blazor\EventHandlerRepro.Blazor.csproj", "{00171112-BC66-4FD7-AE66-DBE3FF0FF9C9}"
EndProject
Global
	GlobalSection(SolutionConfigurationPlatforms) = preSolution
		Debug|Any CPU = Debug|Any CPU
		Release|Any CPU = Release|Any CPU
	EndGlobalSection
	GlobalSection(ProjectConfigurationPlatforms) = postSolution
		{08FC5CE0-169D-4B78-84FA-A58017A9AFE3}.Debug|Any CPU.ActiveCfg = Debug|Any CPU
		{08FC5CE0-169D-4B78-84FA-A58017A9AFE3}.Debug|Any CPU.Build.0 = Debug|Any CPU
		{08FC5CE0-169D-4B78-84FA-A58017A9AFE3}.Release|Any CPU.ActiveCfg = Release|Any CPU
		{08FC5CE0-169D-4B78-84FA-A58017A9AFE3}.Release|Any CPU.Build.0 = Release|Any CPU
		{00171112-BC66-4FD7-AE66-DBE3FF0FF9C9}.Debug|Any CPU.ActiveCfg = Debug|Any CPU
		{00171112-BC66-4FD7-AE66-DBE3FF0FF9C9}.Debug|Any CPU.Build.0 = Debug|Any CPU
		{00171112-BC66-4FD7-AE66-DBE3FF0FF9C9}.Release|Any CPU.ActiveCfg = Release|Any CPU
		{00171112-BC66-4FD7-AE66-DBE3FF0FF9C9}.Release|Any CPU.Build.0 = Release|Any CPU
	EndGlobalSection
EndGlobal
